
Microsoft Visual Studio Solution File, Format Version 12.00
Project("{FAE04EC0-301F-11D3-BF4B-00C04F79EFBC}") = "AutoLot.DataReader", "AutoLot.DataReader\AutoLot.DataReader.csproj", "{B914EEFC-0B39-4B6C-8ADC-A406E46C87D4}"
EndProject
Global
	GlobalSection(SolutionConfigurationPlatforms) = preSolution
		Debug|Any CPU = Debug|Any CPU
		Release|Any CPU = Release|Any CPU
	EndGlobalSection
	GlobalSection(ProjectConfigurationPlatforms) = postSolution
		{B914EEFC-0B39-4B6C-8ADC-A406E46C87D4}.Debug|Any CPU.ActiveCfg = Debug|Any CPU
		{B914EEFC-0B39-4B6C-8ADC-A406E46C87D4}.Debug|Any CPU.Build.0 = Debug|Any CPU
		{B914EEFC-0B39-4B6C-8ADC-A406E46C87D4}.Release|Any CPU.ActiveCfg = Release|Any CPU
		{B914EEFC-0B39-4B6C-8ADC-A406E46C87D4}.Release|Any CPU.Build.0 = Release|Any CPU
	EndGlobalSection
EndGlobal
